
Microsoft Visual Studio Solution File, Format Version 12.00
# Visual Studio Version 16
VisualStudioVersion = 16.0.30011.22
MinimumVisualStudioVersion = 10.0.40219.1
Project("{FAE04EC0-301F-11D3-BF4B-00C04F79EFBC}") = "Lists Dictionaries", "Lists Dictionaries.csproj", "{9B459CFC-814E-4A6F-91CD-209D7F167031}"
EndProject
Global
	GlobalSection(SolutionConfigurationPlatforms) = preSolution
		Debug|Any CPU = Debug|Any CPU
		Release|Any CPU = Release|Any CPU
	EndGlobalSection
	GlobalSection(ProjectConfigurationPlatforms) = postSolution
		{9B459CFC-814E-4A6F-91CD-209D7F167031}.Debug|Any CPU.ActiveCfg = Debug|Any CPU
		{9B459CFC-814E-4A6F-91CD-209D7F167031}.Debug|Any CPU.Build.0 = Debug|Any CPU
		{9B459CFC-814E-4A6F-91CD-209D7F167031}.Release|Any CPU.ActiveCfg = Release|Any CPU
		{9B459CFC-814E-4A6F-91CD-209D7F167031}.Release|Any CPU.Build.0 = Release|Any CPU
	EndGlobalSection
	GlobalSection(SolutionProperties) = preSolution
		HideSolutionNode = FALSE
	EndGlobalSection
	GlobalSection(ExtensibilityGlobals) = postSolution
		SolutionGuid = {125B3997-CD32-4EC9-AEAF-119041DEAE9C}
	EndGlobalSection
EndGlobal
